
Microsoft Visual Studio Solution File, Format Version 12.00
# Visual Studio Version 17
VisualStudioVersion = 17.0.31903.59
MinimumVisualStudioVersion = 10.0.40219.1
Project("{2150E333-8FDC-42A3-9474-1A3956D46DE8}") = "src", "src", "{827E0CD3-B72D-47B6-A68D-7590B98EB39B}"
EndProject
Project("{FAE04EC0-301F-11D3-BF4B-00C04F79EFBC}") = "StreamForge.Domain", "src\StreamForge.Domain\StreamForge.Domain.csproj", "{09F47646-AA55-42AF-9E18-7796C487416C}"
EndProject
Project("{FAE04EC0-301F-11D3-BF4B-00C04F79EFBC}") = "StreamForge.Application", "src\StreamForge.Application\StreamForge.Application.csproj", "{183BC6D5-A954-41BF-854C-8EDF168796D7}"
EndProject
Project("{FAE04EC0-301F-11D3-BF4B-00C04F79EFBC}") = "StreamForge.Infrastructure", "src\StreamForge.Infrastructure\StreamForge.Infrastructure.csproj", "{49E464C2-9D46-4EDE-9479-ECFB9F322E9A}"
EndProject
Project("{FAE04EC0-301F-11D3-BF4B-00C04F79EFBC}") = "StreamForge.API", "src\StreamForge.API\StreamForge.API.csproj", "{48CF0FFE-544F-4AA9-8B34-6FBC2FDF192B}"
EndProject
Project("{FAE04EC0-301F-11D3-BF4B-00C04F79EFBC}") = "StreamForge.Worker", "src\StreamForge.Worker\StreamForge.Worker.csproj", "{B889FEDA-AF58-4B62-BC08-93FE9113E819}"
EndProject
Project("{2150E333-8FDC-42A3-9474-1A3956D46DE8}") = "tests", "tests", "{0AB3BF05-4346-4AA6-1389-037BE0695223}"
EndProject
Project("{FAE04EC0-301F-11D3-BF4B-00C04F79EFBC}") = "StreamForge.Tests", "tests\StreamForge.Tests\StreamForge.Tests.csproj", "{7EE401D0-24EB-4BA8-B925-FB69DAB545D2}"
EndProject
Project("{FAE04EC0-301F-11D3-BF4B-00C04F79EFBC}") = "StreamForge.E2E", "tests\StreamForge.E2E\StreamForge.E2E.csproj", "{9CF4A5A4-7FF7-4F28-B22F-A3F3F3AE5E53}"
EndProject
Global
	GlobalSection(SolutionConfigurationPlatforms) = preSolution
		Debug|Any CPU = Debug|Any CPU
		Debug|x64 = Debug|x64
		Debug|x86 = Debug|x86
		Release|Any CPU = Release|Any CPU
		Release|x64 = Release|x64
		Release|x86 = Release|x86
	EndGlobalSection
	GlobalSection(ProjectConfigurationPlatforms) = postSolution
		{09F47646-AA55-42AF-9E18-7796C487416C}.Debug|Any CPU.ActiveCfg = Debug|Any CPU
		{09F47646-AA55-42AF-9E18-7796C487416C}.Debug|Any CPU.Build.0 = Debug|Any CPU
		{09F47646-AA55-42AF-9E18-7796C487416C}.Debug|x64.ActiveCfg = Debug|Any CPU
		{09F47646-AA55-42AF-9E18-7796C487416C}.Debug|x64.Build.0 = Debug|Any CPU
		{09F47646-AA55-42AF-9E18-7796C487416C}.Debug|x86.ActiveCfg = Debug|Any CPU
		{09F47646-AA55-42AF-9E18-7796C487416C}.Debug|x86.Build.0 = Debug|Any CPU
		{09F47646-AA55-42AF-9E18-7796C487416C}.Release|Any CPU.ActiveCfg = Release|Any CPU
		{09F47646-AA55-42AF-9E18-7796C487416C}.Release|Any CPU.Build.0 = Release|Any CPU
		{09F47646-AA55-42AF-9E18-7796C487416C}.Release|x64.ActiveCfg = Release|Any CPU
		{09F47646-AA55-42AF-9E18-7796C487416C}.Release|x64.Build.0 = Release|Any CPU
		{09F47646-AA55-42AF-9E18-7796C487416C}.Release|x86.ActiveCfg = Release|Any CPU
		{09F47646-AA55-42AF-9E18-7796C487416C}.Release|x86.Build.0 = Release|Any CPU
		{183BC6D5-A954-41BF-854C-8EDF168796D7}.Debug|Any CPU.ActiveCfg = Debug|Any CPU
		{183BC6D5-A954-41BF-854C-8EDF168796D7}.Debug|Any CPU.Build.0 = Debug|Any CPU
		{183BC6D5-A954-41BF-854C-8EDF168796D7}.Debug|x64.ActiveCfg = Debug|Any CPU
		{183BC6D5-A954-41BF-854C-8EDF168796D7}.Debug|x64.Build.0 = Debug|Any CPU
		{183BC6D5-A954-41BF-854C-8EDF168796D7}.Debug|x86.ActiveCfg = Debug|Any CPU
		{183BC6D5-A954-41BF-854C-8EDF168796D7}.Debug|x86.Build.0 = Debug|Any CPU
		{183BC6D5-A954-41BF-854C-8EDF168796D7}.Release|Any CPU.ActiveCfg = Release|Any CPU
		{183BC6D5-A954-41BF-854C-8EDF168796D7}.Release|Any CPU.Build.0 = Release|Any CPU
		{183BC6D5-A954-41BF-854C-8EDF168796D7}.Release|x64.ActiveCfg = Release|Any CPU
		{183BC6D5-A954-41BF-854C-8EDF168796D7}.Release|x64.Build.0 = Release|Any CPU
		{183BC6D5-A954-41BF-854C-8EDF168796D7}.Release|x86.ActiveCfg = Release|Any CPU
		{183BC6D5-A954-41BF-854C-8EDF168796D7}.Release|x86.Build.0 = Release|Any CPU
		{49E464C2-9D46-4EDE-9479-ECFB9F322E9A}.Debug|Any CPU.ActiveCfg = Debug|Any CPU
		{49E464C2-9D46-4EDE-9479-ECFB9F322E9A}.Debug|Any CPU.Build.0 = Debug|Any CPU
		{49E464C2-9D46-4EDE-9479-ECFB9F322E9A}.Debug|x64.ActiveCfg = Debug|Any CPU
		{49E464C2-9D46-4EDE-9479-ECFB9F322E9A}.Debug|x64.Build.0 = Debug|Any CPU
		{49E464C2-9D46-4EDE-9479-ECFB9F322E9A}.Debug|x86.ActiveCfg = Debug|Any CPU
		{49E464C2-9D46-4EDE-9479-ECFB9F322E9A}.Debug|x86.Build.0 = Debug|Any CPU
		{49E464C2-9D46-4EDE-9479-ECFB9F322E9A}.Release|Any CPU.ActiveCfg = Release|Any CPU
		{49E464C2-9D46-4EDE-9479-ECFB9F322E9A}.Release|Any CPU.Build.0 = Release|Any CPU
		{49E464C2-9D46-4EDE-9479-ECFB9F322E9A}.Release|x64.ActiveCfg = Release|Any CPU
		{49E464C2-9D46-4EDE-9479-ECFB9F322E9A}.Release|x64.Build.0 = Release|Any CPU
		{49E464C2-9D46-4EDE-9479-ECFB9F322E9A}.Release|x86.ActiveCfg = Release|Any CPU
		{49E464C2-9D46-4EDE-9479-ECFB9F322E9A}.Release|x86.Build.0 = Release|Any CPU
		{48CF0FFE-544F-4AA9-8B34-6FBC2FDF192B}.Debug|Any CPU.ActiveCfg = Debug|Any CPU
		{48CF0FFE-544F-4AA9-8B34-6FBC2FDF192B}.Debug|Any CPU.Build.0 = Debug|Any CPU
		{48CF0FFE-544F-4AA9-8B34-6FBC2FDF192B}.Debug|x64.ActiveCfg = Debug|Any CPU
		{48CF0FFE-544F-4AA9-8B34-6FBC2FDF192B}.Debug|x64.Build.0 = Debug|Any CPU
		{48CF0FFE-544F-4AA9-8B34-6FBC2FDF192B}.Debug|x86.ActiveCfg = Debug|Any CPU
		{48CF0FFE-544F-4AA9-8B34-6FBC2FDF192B}.Debug|x86.Build.0 = Debug|Any CPU
		{48CF0FFE-544F-4AA9-8B34-6FBC2FDF192B}.Release|Any CPU.ActiveCfg = Release|Any CPU
		{48CF0FFE-544F-4AA9-8B34-6FBC2FDF192B}.Release|Any CPU.Build.0 = Release|Any CPU
		{48CF0FFE-544F-4AA9-8B34-6FBC2FDF192B}.Release|x64.ActiveCfg = Release|Any CPU
		{48CF0FFE-544F-4AA9-8B34-6FBC2FDF192B}.Release|x64.Build.0 = Release|Any CPU
		{48CF0FFE-544F-4AA9-8B34-6FBC2FDF192B}.Release|x86.ActiveCfg = Release|Any CPU
		{48CF0FFE-544F-4AA9-8B34-6FBC2FDF192B}.Release|x86.Build.0 = Release|Any CPU
		{B889FEDA-AF58-4B62-BC08-93FE9113E819}.Debug|Any CPU.ActiveCfg = Debug|Any CPU
		{B889FEDA-AF58-4B62-BC08-93FE9113E819}.Debug|Any CPU.Build.0 = Debug|Any CPU
		{B889FEDA-AF58-4B62-BC08-93FE9113E819}.Debug|x64.ActiveCfg = Debug|Any CPU
		{B889FEDA-AF58-4B62-BC08-93FE9113E819}.Debug|x64.Build.0 = Debug|Any CPU
		{B889FEDA-AF58-4B62-BC08-93FE9113E819}.Debug|x86.ActiveCfg = Debug|Any CPU
		{B889FEDA-AF58-4B62-BC08-93FE9113E819}.Debug|x86.Build.0 = Debug|Any CPU
		{B889FEDA-AF58-4B62-BC08-93FE9113E819}.Release|Any CPU.ActiveCfg = Release|Any CPU
		{B889FEDA-AF58-4B62-BC08-93FE9113E819}.Release|Any CPU.Build.0 = Release|Any CPU
		{B889FEDA-AF58-4B62-BC08-93FE9113E819}.Release|x64.ActiveCfg = Release|Any CPU
		{B889FEDA-AF58-4B62-BC08-93FE9113E819}.Release|x64.Build.0 = Release|Any CPU
		{B889FEDA-AF58-4B62-BC08-93FE9113E819}.Release|x86.ActiveCfg = Release|Any CPU
		{B889FEDA-AF58-4B62-BC08-93FE9113E819}.Release|x86.Build.0 = Release|Any CPU
		{7EE401D0-24EB-4BA8-B925-FB69DAB545D2}.Debug|Any CPU.ActiveCfg = Debug|Any CPU
		{7EE401D0-24EB-4BA8-B925-FB69DAB545D2}.Debug|Any CPU.Build.0 = Debug|Any CPU
		{7EE401D0-24EB-4BA8-B925-FB69DAB545D2}.Debug|x64.ActiveCfg = Debug|Any CPU
		{7EE401D0-24EB-4BA8-B925-FB69DAB545D2}.Debug|x64.Build.0 = Debug|Any CPU
		{7EE401D0-24EB-4BA8-B925-FB69DAB545D2}.Debug|x86.ActiveCfg = Debug|Any CPU
		{7EE401D0-24EB-4BA8-B925-FB69DAB545D2}.Debug|x86.Build.0 = Debug|Any CPU
		{7EE401D0-24EB-4BA8-B925-FB69DAB545D2}.Release|Any CPU.ActiveCfg = Release|Any CPU
		{7EE401D0-24EB-4BA8-B925-FB69DAB545D2}.Release|Any CPU.Build.0 = Release|Any CPU
		{7EE401D0-24EB-4BA8-B925-FB69DAB545D2}.Release|x64.ActiveCfg = Release|Any CPU
		{7EE401D0-24EB-4BA8-B925-FB69DAB545D2}.Release|x64.Build.0 = Release|Any CPU
		{7EE401D0-24EB-4BA8-B925-FB69DAB545D2}.Release|x86.ActiveCfg = Release|Any CPU
		{7EE401D0-24EB-4BA8-B925-FB69DAB545D2}.Release|x86.Build.0 = Release|Any CPU
		{9CF4A5A4-7FF7-4F28-B22F-A3F3F3AE5E53}.Debug|Any CPU.ActiveCfg = Debug|Any CPU
		{9CF4A5A4-7FF7-4F28-B22F-A3F3F3AE5E53}.Debug|Any CPU.Build.0 = Debug|Any CPU
		{9CF4A5A4-7FF7-4F28-B22F-A3F3F3AE5E53}.Debug|x64.ActiveCfg = Debug|Any CPU
		{9CF4A5A4-7FF7-4F28-B22F-A3F3F3AE5E53}.Debug|x64.Build.0 = Debug|Any CPU
		{9CF4A5A4-7FF7-4F28-B22F-A3F3F3AE5E53}.Debug|x86.ActiveCfg = Debug|Any CPU
		{9CF4A5A4-7FF7-4F28-B22F-A3F3F3AE5E53}.Debug|x86.Build.0 = Debug|Any CPU
		{9CF4A5A4-7FF7-4F28-B22F-A3F3F3AE5E53}.Release|Any CPU.ActiveCfg = Release|Any CPU
		{9CF4A5A4-7FF7-4F28-B22F-A3F3F3AE5E53}.Release|Any CPU.Build.0 = Release|Any CPU
		{9CF4A5A4-7FF7-4F28-B22F-A3F3F3AE5E53}.Release|x64.ActiveCfg = Release|Any CPU
		{9CF4A5A4-7FF7-4F28-B22F-A3F3F3AE5E53}.Release|x64.Build.0 = Release|Any CPU
		{9CF4A5A4-7FF7-4F28-B22F-A3F3F3AE5E53}.Release|x86.ActiveCfg = Release|Any CPU
		{9CF4A5A4-7FF7-4F28-B22F-A3F3F3AE5E53}.Release|x86.Build.0 = Release|Any CPU
	EndGlobalSection
	GlobalSection(SolutionProperties) = preSolution
		HideSolutionNode = FALSE
	EndGlobalSection
	GlobalSection(NestedProjects) = preSolution
		{09F47646-AA55-42AF-9E18-7796C487416C} = {827E0CD3-B72D-47B6-A68D-7590B98EB39B}
		{183BC6D5-A954-41BF-854C-8EDF168796D7} = {827E0CD3-B72D-47B6-A68D-7590B98EB39B}
		{49E464C2-9D46-4EDE-9479-ECFB9F322E9A} = {827E0CD3-B72D-47B6-A68D-7590B98EB39B}
		{48CF0FFE-544F-4AA9-8B34-6FBC2FDF192B} = {827E0CD3-B72D-47B6-A68D-7590B98EB39B}
		{B889FEDA-AF58-4B62-BC08-93FE9113E819} = {827E0CD3-B72D-47B6-A68D-7590B98EB39B}
		{7EE401D0-24EB-4BA8-B925-FB69DAB545D2} = {0AB3BF05-4346-4AA6-1389-037BE0695223}
		{9CF4A5A4-7FF7-4F28-B22F-A3F3F3AE5E53} = {0AB3BF05-4346-4AA6-1389-037BE0695223}
	EndGlobalSection
EndGlobal
